// !$*UTF8*$!
{
	archiveVersion = 1;
	classes = {
	};
	objectVersion = 50;
	objects = {

/* Begin PBXBuildFile section */
		67344F1C23B7E0B500F394EB /* StickerImageViewCell.swift in Sources */ = {isa = PBXBuildFile; fileRef = 67344F1B23B7E0B500F394EB /* StickerImageViewCell.swift */; };
		67344F1E23B809B700F394EB /* Utils.swift in Sources */ = {isa = PBXBuildFile; fileRef = 67344F1D23B809B700F394EB /* Utils.swift */; };
		6742176523B6BC99000152EC /* Pack.swift in Sources */ = {isa = PBXBuildFile; fileRef = 6742176423B6BC99000152EC /* Pack.swift */; };
		6742176723B6BE2D000152EC /* packs.json in Resources */ = {isa = PBXBuildFile; fileRef = 6742176623B6BE2C000152EC /* packs.json */; };
		6742176923B6BE52000152EC /* objets.json in Resources */ = {isa = PBXBuildFile; fileRef = 6742176823B6BE52000152EC /* objets.json */; };
		6742176B23B6BE73000152EC /* punchlines.json in Resources */ = {isa = PBXBuildFile; fileRef = 6742176A23B6BE73000152EC /* punchlines.json */; };
		6742176D23B6BE8E000152EC /* personnages1.json in Resources */ = {isa = PBXBuildFile; fileRef = 6742176C23B6BE8E000152EC /* personnages1.json */; };
		6742176F23B6BEA8000152EC /* personnages2.json in Resources */ = {isa = PBXBuildFile; fileRef = 6742176E23B6BEA8000152EC /* personnages2.json */; };
		6742177123B6BEC6000152EC /* couvertures.json in Resources */ = {isa = PBXBuildFile; fileRef = 6742177023B6BEC6000152EC /* couvertures.json */; };
		6742177323B734FD000152EC /* PackTableViewCell.swift in Sources */ = {isa = PBXBuildFile; fileRef = 6742177223B734FD000152EC /* PackTableViewCell.swift */; };
		675A5D3223AA9F4A00CA71CC /* AppDelegate.swift in Sources */ = {isa = PBXBuildFile; fileRef = 675A5D3123AA9F4A00CA71CC /* AppDelegate.swift */; };
		675A5D3423AA9F4A00CA71CC /* SceneDelegate.swift in Sources */ = {isa = PBXBuildFile; fileRef = 675A5D3323AA9F4A00CA71CC /* SceneDelegate.swift */; };
		675A5D3823AA9F4A00CA71CC /* DetailViewController.swift in Sources */ = {isa = PBXBuildFile; fileRef = 675A5D3723AA9F4A00CA71CC /* DetailViewController.swift */; };
		675A5D3B23AA9F4A00CA71CC /* Main.storyboard in Resources */ = {isa = PBXBuildFile; fileRef = 675A5D3923AA9F4A00CA71CC /* Main.storyboard */; };
		675A5D3D23AA9F4B00CA71CC /* Assets.xcassets in Resources */ = {isa = PBXBuildFile; fileRef = 675A5D3C23AA9F4B00CA71CC /* Assets.xcassets */; };
		675A5D4023AA9F4B00CA71CC /* LaunchScreen.storyboard in Resources */ = {isa = PBXBuildFile; fileRef = 675A5D3E23AA9F4B00CA71CC /* LaunchScreen.storyboard */; };
		67D97F5423B4D6A000215531 /* PacksListViewController.swift in Sources */ = {isa = PBXBuildFile; fileRef = 67D97F5323B4D6A000215531 /* PacksListViewController.swift */; };
/* End PBXBuildFile section */

/* Begin PBXFileReference section */
		67344F1B23B7E0B500F394EB /* StickerImageViewCell.swift */ = {isa = PBXFileReference; lastKnownFileType = sourcecode.swift; path = StickerImageViewCell.swift; sourceTree = "<group>"; };
		67344F1D23B809B700F394EB /* Utils.swift */ = {isa = PBXFileReference; lastKnownFileType = sourcecode.swift; path = Utils.swift; sourceTree = "<group>"; };
		6742176423B6BC99000152EC /* Pack.swift */ = {isa = PBXFileReference; lastKnownFileType = sourcecode.swift; path = Pack.swift; sourceTree = "<group>"; };
		6742176623B6BE2C000152EC /* packs.json */ = {isa = PBXFileReference; lastKnownFileType = text.json; path = packs.json; sourceTree = "<group>"; };
		6742176823B6BE52000152EC /* objets.json */ = {isa = PBXFileReference; lastKnownFileType = text.json; path = objets.json; sourceTree = "<group>"; };
		6742176A23B6BE73000152EC /* punchlines.json */ = {isa = PBXFileReference; lastKnownFileType = text.json; path = punchlines.json; sourceTree = "<group>"; };
		6742176C23B6BE8E000152EC /* personnages1.json */ = {isa = PBXFileReference; lastKnownFileType = text.json; path = personnages1.json; sourceTree = "<group>"; };
		6742176E23B6BEA8000152EC /* personnages2.json */ = {isa = PBXFileReference; lastKnownFileType = text.json; path = personnages2.json; sourceTree = "<group>"; };
		6742177023B6BEC6000152EC /* couvertures.json */ = {isa = PBXFileReference; lastKnownFileType = text.json; path = couvertures.json; sourceTree = "<group>"; };
		6742177223B734FD000152EC /* PackTableViewCell.swift */ = {isa = PBXFileReference; lastKnownFileType = sourcecode.swift; path = PackTableViewCell.swift; sourceTree = "<group>"; };
		675A5D2E23AA9F4A00CA71CC /* Stickers Mortels Adèle.app */ = {isa = PBXFileReference; explicitFileType = wrapper.application; includeInIndex = 0; path = "Stickers Mortels Adèle.app"; sourceTree = BUILT_PRODUCTS_DIR; };
		675A5D3123AA9F4A00CA71CC /* AppDelegate.swift */ = {isa = PBXFileReference; lastKnownFileType = sourcecode.swift; path = AppDelegate.swift; sourceTree = "<group>"; };
		675A5D3323AA9F4A00CA71CC /* SceneDelegate.swift */ = {isa = PBXFileReference; lastKnownFileType = sourcecode.swift; path = SceneDelegate.swift; sourceTree = "<group>"; };
		675A5D3723AA9F4A00CA71CC /* DetailViewController.swift */ = {isa = PBXFileReference; lastKnownFileType = sourcecode.swift; path = DetailViewController.swift; sourceTree = "<group>"; };
		675A5D3A23AA9F4A00CA71CC /* Base */ = {isa = PBXFileReference; lastKnownFileType = file.storyboard; name = Base; path = Base.lproj/Main.storyboard; sourceTree = "<group>"; };
		675A5D3C23AA9F4B00CA71CC /* Assets.xcassets */ = {isa = PBXFileReference; lastKnownFileType = folder.assetcatalog; path = Assets.xcassets; sourceTree = "<group>"; };
		675A5D3F23AA9F4B00CA71CC /* Base */ = {isa = PBXFileReference; lastKnownFileType = file.storyboard; name = Base; path = Base.lproj/LaunchScreen.storyboard; sourceTree = "<group>"; };
		675A5D4123AA9F4B00CA71CC /* Info.plist */ = {isa = PBXFileReference; lastKnownFileType = text.plist.xml; path = Info.plist; sourceTree = "<group>"; };
		67D97F5323B4D6A000215531 /* PacksListViewController.swift */ = {isa = PBXFileReference; lastKnownFileType = sourcecode.swift; path = PacksListViewController.swift; sourceTree = "<group>"; };
/* End PBXFileReference section */

/* Begin PBXFrameworksBuildPhase section */
		675A5D2B23AA9F4A00CA71CC /* Frameworks */ = {
			isa = PBXFrameworksBuildPhase;
			buildActionMask = 2147483647;
			files = (
			);
			runOnlyForDeploymentPostprocessing = 0;
		};
/* End PBXFrameworksBuildPhase section */

/* Begin PBXGroup section */
		6742176223B6BC5A000152EC /* Resources */ = {
			isa = PBXGroup;
			children = (
				6742176623B6BE2C000152EC /* packs.json */,
				6742176823B6BE52000152EC /* objets.json */,
				6742176A23B6BE73000152EC /* punchlines.json */,
				6742176C23B6BE8E000152EC /* personnages1.json */,
				6742176E23B6BEA8000152EC /* personnages2.json */,
				6742177023B6BEC6000152EC /* couvertures.json */,
			);
			path = Resources;
			sourceTree = "<group>";
		};
		6742176323B6BC67000152EC /* Models */ = {
			isa = PBXGroup;
			children = (
				6742176423B6BC99000152EC /* Pack.swift */,
			);
			path = Models;
			sourceTree = "<group>";
		};
		675A5D2523AA9F4A00CA71CC = {
			isa = PBXGroup;
			children = (
				6742176323B6BC67000152EC /* Models */,
				6742176223B6BC5A000152EC /* Resources */,
				675A5D3023AA9F4A00CA71CC /* Stickers Mortels Adèle */,
				675A5D2F23AA9F4A00CA71CC /* Products */,
			);
			sourceTree = "<group>";
		};
		675A5D2F23AA9F4A00CA71CC /* Products */ = {
			isa = PBXGroup;
			children = (
				675A5D2E23AA9F4A00CA71CC /* Stickers Mortels Adèle.app */,
			);
			name = Products;
			sourceTree = "<group>";
		};
		675A5D3023AA9F4A00CA71CC /* Stickers Mortels Adèle */ = {
			isa = PBXGroup;
			children = (
				675A5D3123AA9F4A00CA71CC /* AppDelegate.swift */,
				675A5D3323AA9F4A00CA71CC /* SceneDelegate.swift */,
				67D97F5323B4D6A000215531 /* PacksListViewController.swift */,
				6742177223B734FD000152EC /* PackTableViewCell.swift */,
				675A5D3723AA9F4A00CA71CC /* DetailViewController.swift */,
				67344F1B23B7E0B500F394EB /* StickerImageViewCell.swift */,
				67344F1D23B809B700F394EB /* Utils.swift */,
				675A5D3923AA9F4A00CA71CC /* Main.storyboard */,
				675A5D3C23AA9F4B00CA71CC /* Assets.xcassets */,
				675A5D3E23AA9F4B00CA71CC /* LaunchScreen.storyboard */,
				675A5D4123AA9F4B00CA71CC /* Info.plist */,
			);
			path = "Stickers Mortels Adèle";
			sourceTree = "<group>";
		};
/* End PBXGroup section */

/* Begin PBXNativeTarget section */
		675A5D2D23AA9F4A00CA71CC /* Stickers Mortels Adèle */ = {
			isa = PBXNativeTarget;
			buildConfigurationList = 675A5D4423AA9F4B00CA71CC /* Build configuration list for PBXNativeTarget "Stickers Mortels Adèle" */;
			buildPhases = (
				675A5D2A23AA9F4A00CA71CC /* Sources */,
				675A5D2B23AA9F4A00CA71CC /* Frameworks */,
				675A5D2C23AA9F4A00CA71CC /* Resources */,
			);
			buildRules = (
			);
			dependencies = (
			);
			name = "Stickers Mortels Adèle";
			productName = "Stickers Mortels Adèle";
			productReference = 675A5D2E23AA9F4A00CA71CC /* Stickers Mortels Adèle.app */;
			productType = "com.apple.product-type.application";
		};
/* End PBXNativeTarget section */

/* Begin PBXProject section */
		675A5D2623AA9F4A00CA71CC /* Project object */ = {
			isa = PBXProject;
			attributes = {
				LastSwiftUpdateCheck = 1120;
				LastUpgradeCheck = 1120;
				ORGANIZATIONNAME = "Bayard Presse";
				TargetAttributes = {
					675A5D2D23AA9F4A00CA71CC = {
						CreatedOnToolsVersion = 11.2.1;
					};
				};
			};
			buildConfigurationList = 675A5D2923AA9F4A00CA71CC /* Build configuration list for PBXProject "Stickers Mortels Adèle" */;
			compatibilityVersion = "Xcode 9.3";
			developmentRegion = en;
			hasScannedForEncodings = 0;
			knownRegions = (
				en,
				Base,
			);
			mainGroup = 675A5D2523AA9F4A00CA71CC;
			productRefGroup = 675A5D2F23AA9F4A00CA71CC /* Products */;
			projectDirPath = "";
			projectRoot = "";
			targets = (
				675A5D2D23AA9F4A00CA71CC /* Stickers Mortels Adèle */,
			);
		};
/* End PBXProject section */

/* Begin PBXResourcesBuildPhase section */
		675A5D2C23AA9F4A00CA71CC /* Resources */ = {
			isa = PBXResourcesBuildPhase;
			buildActionMask = 2147483647;
			files = (
				6742177123B6BEC6000152EC /* couvertures.json in Resources */,
				6742176F23B6BEA8000152EC /* personnages2.json in Resources */,
				6742176723B6BE2D000152EC /* packs.json in Resources */,
				675A5D4023AA9F4B00CA71CC /* LaunchScreen.storyboard in Resources */,
				6742176B23B6BE73000152EC /* punchlines.json in Resources */,
				675A5D3D23AA9F4B00CA71CC /* Assets.xcassets in Resources */,
				6742176D23B6BE8E000152EC /* personnages1.json in Resources */,
				6742176923B6BE52000152EC /* objets.json in Resources */,
				675A5D3B23AA9F4A00CA71CC /* Main.storyboard in Resources */,
			);
			runOnlyForDeploymentPostprocessing = 0;
		};
/* End PBXResourcesBuildPhase section */

/* Begin PBXSourcesBuildPhase section */
		675A5D2A23AA9F4A00CA71CC /* Sources */ = {
			isa = PBXSourcesBuildPhase;
			buildActionMask = 2147483647;
			files = (
				675A5D3223AA9F4A00CA71CC /* AppDelegate.swift in Sources */,
				675A5D3423AA9F4A00CA71CC /* SceneDelegate.swift in Sources */,
				67344F1C23B7E0B500F394EB /* StickerImageViewCell.swift in Sources */,
				67D97F5423B4D6A000215531 /* PacksListViewController.swift in Sources */,
				675A5D3823AA9F4A00CA71CC /* DetailViewController.swift in Sources */,
				6742177323B734FD000152EC /* PackTableViewCell.swift in Sources */,
				6742176523B6BC99000152EC /* Pack.swift in Sources */,
				67344F1E23B809B700F394EB /* Utils.swift in Sources */,
			);
			runOnlyForDeploymentPostprocessing = 0;
		};
/* End PBXSourcesBuildPhase section */

/* Begin PBXVariantGroup section */
		675A5D3923AA9F4A00CA71CC /* Main.storyboard */ = {
			isa = PBXVariantGroup;
			children = (
				675A5D3A23AA9F4A00CA71CC /* Base */,
			);
			name = Main.storyboard;
			sourceTree = "<group>";
		};
		675A5D3E23AA9F4B00CA71CC /* LaunchScreen.storyboard */ = {
			isa = PBXVariantGroup;
			children = (
				675A5D3F23AA9F4B00CA71CC /* Base */,
			);
			name = LaunchScreen.storyboard;
			sourceTree = "<group>";
		};
/* End PBXVariantGroup section */

/* Begin XCBuildConfiguration section */
		675A5D4223AA9F4B00CA71CC /* Debug */ = {
			isa = XCBuildConfiguration;
			buildSettings = {
				ALWAYS_SEARCH_USER_PATHS = NO;
				CLANG_ANALYZER_NONNULL = YES;
				CLANG_ANALYZER_NUMBER_OBJECT_CONVERSION = YES_AGGRESSIVE;
				CLANG_CXX_LANGUAGE_STANDARD = "gnu++14";
				CLANG_CXX_LIBRARY = "libc++";
				CLANG_ENABLE_MODULES = YES;
				CLANG_ENABLE_OBJC_ARC = YES;
				CLANG_ENABLE_OBJC_WEAK = YES;
				CLANG_WARN_BLOCK_CAPTURE_AUTORELEASING = YES;
				CLANG_WARN_BOOL_CONVERSION = YES;
				CLANG_WARN_COMMA = YES;
				CLANG_WARN_CONSTANT_CONVERSION = YES;
				CLANG_WARN_DEPRECATED_OBJC_IMPLEMENTATIONS = YES;
				CLANG_WARN_DIRECT_OBJC_ISA_USAGE = YES_ERROR;
				CLANG_WARN_DOCUMENTATION_COMMENTS = YES;
				CLANG_WARN_EMPTY_BODY = YES;
				CLANG_WARN_ENUM_CONVERSION = YES;
				CLANG_WARN_INFINITE_RECURSION = YES;
				CLANG_WARN_INT_CONVERSION = YES;
				CLANG_WARN_NON_LITERAL_NULL_CONVERSION = YES;
				CLANG_WARN_OBJC_IMPLICIT_RETAIN_SELF = YES;
				CLANG_WARN_OBJC_LITERAL_CONVERSION = YES;
				CLANG_WARN_OBJC_ROOT_CLASS = YES_ERROR;
				CLANG_WARN_RANGE_LOOP_ANALYSIS = YES;
				CLANG_WARN_STRICT_PROTOTYPES = YES;
				CLANG_WARN_SUSPICIOUS_MOVE = YES;
				CLANG_WARN_UNGUARDED_AVAILABILITY = YES_AGGRESSIVE;
				CLANG_WARN_UNREACHABLE_CODE = YES;
				CLANG_WARN__DUPLICATE_METHOD_MATCH = YES;
				COPY_PHASE_STRIP = NO;
				DEBUG_INFORMATION_FORMAT = dwarf;
				ENABLE_STRICT_OBJC_MSGSEND = YES;
				ENABLE_TESTABILITY = YES;
				GCC_C_LANGUAGE_STANDARD = gnu11;
				GCC_DYNAMIC_NO_PIC = NO;
				GCC_NO_COMMON_BLOCKS = YES;
				GCC_OPTIMIZATION_LEVEL = 0;
				GCC_PREPROCESSOR_DEFINITIONS = (
					"DEBUG=1",
					"$(inherited)",
				);
				GCC_WARN_64_TO_32_BIT_CONVERSION = YES;
				GCC_WARN_ABOUT_RETURN_TYPE = YES_ERROR;
				GCC_WARN_UNDECLARED_SELECTOR = YES;
				GCC_WARN_UNINITIALIZED_AUTOS = YES_AGGRESSIVE;
				GCC_WARN_UNUSED_FUNCTION = YES;
				GCC_WARN_UNUSED_VARIABLE = YES;
				IPHONEOS_DEPLOYMENT_TARGET = 13.2;
				MTL_ENABLE_DEBUG_INFO = INCLUDE_SOURCE;
				MTL_FAST_MATH = YES;
				ONLY_ACTIVE_ARCH = YES;
				SDKROOT = iphoneos;
				SWIFT_ACTIVE_COMPILATION_CONDITIONS = DEBUG;
				SWIFT_OPTIMIZATION_LEVEL = "-Onone";
			};
			name = Debug;
		};
		675A5D4323AA9F4B00CA71CC /* Release */ = {
			isa = XCBuildConfiguration;
			buildSettings = {
				ALWAYS_SEARCH_USER_PATHS = NO;
				CLANG_ANALYZER_NONNULL = YES;
				CLANG_ANALYZER_NUMBER_OBJECT_CONVERSION = YES_AGGRESSIVE;
				CLANG_CXX_LANGUAGE_STANDARD = "gnu++14";
				CLANG_CXX_LIBRARY = "libc++";
				CLANG_ENABLE_MODULES = YES;
				CLANG_ENABLE_OBJC_ARC = YES;
				CLANG_ENABLE_OBJC_WEAK = YES;
				CLANG_WARN_BLOCK_CAPTURE_AUTORELEASING = YES;
				CLANG_WARN_BOOL_CONVERSION = YES;
				CLANG_WARN_COMMA = YES;
				CLANG_WARN_CONSTANT_CONVERSION = YES;
				CLANG_WARN_DEPRECATED_OBJC_IMPLEMENTATIONS = YES;
				CLANG_WARN_DIRECT_OBJC_ISA_USAGE = YES_ERROR;
				CLANG_WARN_DOCUMENTATION_COMMENTS = YES;
				CLANG_WARN_EMPTY_BODY = YES;
				CLANG_WARN_ENUM_CONVERSION = YES;
				CLANG_WARN_INFINITE_RECURSION = YES;
				CLANG_WARN_INT_CONVERSION = YES;
				CLANG_WARN_NON_LITERAL_NULL_CONVERSION = YES;
				CLANG_WARN_OBJC_IMPLICIT_RETAIN_SELF = YES;
				CLANG_WARN_OBJC_LITERAL_CONVERSION = YES;
				CLANG_WARN_OBJC_ROOT_CLASS = YES_ERROR;
				CLANG_WARN_RANGE_LOOP_ANALYSIS = YES;
				CLANG_WARN_STRICT_PROTOTYPES = YES;
				CLANG_WARN_SUSPICIOUS_MOVE = YES;
				CLANG_WARN_UNGUARDED_AVAILABILITY = YES_AGGRESSIVE;
				CLANG_WARN_UNREACHABLE_CODE = YES;
				CLANG_WARN__DUPLICATE_METHOD_MATCH = YES;
				COPY_PHASE_STRIP = NO;
				DEBUG_INFORMATION_FORMAT = "dwarf-with-dsym";
				ENABLE_NS_ASSERTIONS = NO;
				ENABLE_STRICT_OBJC_MSGSEND = YES;
				GCC_C_LANGUAGE_STANDARD = gnu11;
				GCC_NO_COMMON_BLOCKS = YES;
				GCC_WARN_64_TO_32_BIT_CONVERSION = YES;
				GCC_WARN_ABOUT_RETURN_TYPE = YES_ERROR;
				GCC_WARN_UNDECLARED_SELECTOR = YES;
				GCC_WARN_UNINITIALIZED_AUTOS = YES_AGGRESSIVE;
				GCC_WARN_UNUSED_FUNCTION = YES;
				GCC_WARN_UNUSED_VARIABLE = YES;
				IPHONEOS_DEPLOYMENT_TARGET = 13.2;
				MTL_ENABLE_DEBUG_INFO = NO;
				MTL_FAST_MATH = YES;
				SDKROOT = iphoneos;
				SWIFT_COMPILATION_MODE = wholemodule;
				SWIFT_OPTIMIZATION_LEVEL = "-O";
				VALIDATE_PRODUCT = YES;
			};
			name = Release;
		};
		675A5D4523AA9F4B00CA71CC /* Debug */ = {
			isa = XCBuildConfiguration;
			buildSettings = {
				ASSETCATALOG_COMPILER_APPICON_NAME = AppIcon;
				CODE_SIGN_STYLE = Automatic;
				DEVELOPMENT_TEAM = VE4JH2R5J4;
				INFOPLIST_FILE = "Stickers Mortels Adèle/Info.plist";
				IPHONEOS_DEPLOYMENT_TARGET = 10.0;
				LD_RUNPATH_SEARCH_PATHS = (
					"$(inherited)",
					"@executable_path/Frameworks",
				);
				PRODUCT_BUNDLE_IDENTIFIER = "com.groupebayard.mortelleadele.wasstickers.Stickers-Mortels-Ade-le";
				PRODUCT_NAME = "$(TARGET_NAME)";
				SWIFT_VERSION = 5.0;
				TARGETED_DEVICE_FAMILY = "1,2";
			};
			name = Debug;
		};
		675A5D4623AA9F4B00CA71CC /* Release */ = {
			isa = XCBuildConfiguration;
			buildSettings = {
				ASSETCATALOG_COMPILER_APPICON_NAME = AppIcon;
				CODE_SIGN_STYLE = Automatic;
				DEVELOPMENT_TEAM = VE4JH2R5J4;
				INFOPLIST_FILE = "Stickers Mortels Adèle/Info.plist";
				IPHONEOS_DEPLOYMENT_TARGET = 10.0;
				LD_RUNPATH_SEARCH_PATHS = (
					"$(inherited)",
					"@executable_path/Frameworks",
				);
				PRODUCT_BUNDLE_IDENTIFIER = "com.groupebayard.mortelleadele.wasstickers.Stickers-Mortels-Ade-le";
				PRODUCT_NAME = "$(TARGET_NAME)";
				SWIFT_VERSION = 5.0;
				TARGETED_DEVICE_FAMILY = "1,2";
			};
			name = Release;
		};
/* End XCBuildConfiguration section */

/* Begin XCConfigurationList section */
		675A5D2923AA9F4A00CA71CC /* Build configuration list for PBXProject "Stickers Mortels Adèle" */ = {
			isa = XCConfigurationList;
			buildConfigurations = (
				675A5D4223AA9F4B00CA71CC /* Debug */,
				675A5D4323AA9F4B00CA71CC /* Release */,
			);
			defaultConfigurationIsVisible = 0;
			defaultConfigurationName = Release;
		};
		675A5D4423AA9F4B00CA71CC /* Build configuration list for PBXNativeTarget "Stickers Mortels Adèle" */ = {
			isa = XCConfigurationList;
			buildConfigurations = (
				675A5D4523AA9F4B00CA71CC /* Debug */,
				675A5D4623AA9F4B00CA71CC /* Release */,
			);
			defaultConfigurationIsVisible = 0;
			defaultConfigurationName = Release;
		};
/* End XCConfigurationList section */
	};
	rootObject = 675A5D2623AA9F4A00CA71CC /* Project object */;
}
